
Microsoft Visual Studio Solution File, Format Version 12.00
# Visual Studio 15
VisualStudioVersion = 15.0.27130.2027
MinimumVisualStudioVersion = 10.0.40219.1
Project("{FAE04EC0-301F-11D3-BF4B-00C04F79EFBC}") = "Listener", "Listener\Listener.csproj", "{930C7D04-CFA4-49DC-ABE2-539326614F1E}"
EndProject
Project("{FAE04EC0-301F-11D3-BF4B-00C04F79EFBC}") = "Sender", "Sender\Sender.csproj", "{5770E9D5-B440-4294-B8ED-EF12DB25ED79}"
EndProject
Global
	GlobalSection(SolutionConfigurationPlatforms) = preSolution
		Debug|Any CPU = Debug|Any CPU
		Release|Any CPU = Release|Any CPU
	EndGlobalSection
	GlobalSection(ProjectConfigurationPlatforms) = postSolution
		{930C7D04-CFA4-49DC-ABE2-539326614F1E}.Debug|Any CPU.ActiveCfg = Debug|Any CPU
		{930C7D04-CFA4-49DC-ABE2-539326614F1E}.Debug|Any CPU.Build.0 = Debug|Any CPU
		{930C7D04-CFA4-49DC-ABE2-539326614F1E}.Release|Any CPU.ActiveCfg = Release|Any CPU
		{930C7D04-CFA4-49DC-ABE2-539326614F1E}.Release|Any CPU.Build.0 = Release|Any CPU
		{5770E9D5-B440-4294-B8ED-EF12DB25ED79}.Debug|Any CPU.ActiveCfg = Debug|Any CPU
		{5770E9D5-B440-4294-B8ED-EF12DB25ED79}.Debug|Any CPU.Build.0 = Debug|Any CPU
		{5770E9D5-B440-4294-B8ED-EF12DB25ED79}.Release|Any CPU.ActiveCfg = Release|Any CPU
		{5770E9D5-B440-4294-B8ED-EF12DB25ED79}.Release|Any CPU.Build.0 = Release|Any CPU
	EndGlobalSection
	GlobalSection(SolutionProperties) = preSolution
		HideSolutionNode = FALSE
	EndGlobalSection
	GlobalSection(ExtensibilityGlobals) = postSolution
		SolutionGuid = {58F8FC55-9DBE-40F1-9C93-412A5DA23E93}
	EndGlobalSection
EndGlobal
