
Microsoft Visual Studio Solution File, Format Version 12.00
# Visual Studio 15
VisualStudioVersion = 15.0.27130.2027
MinimumVisualStudioVersion = 10.0.40219.1
Project("{FAE04EC0-301F-11D3-BF4B-00C04F79EFBC}") = "ListenerUi", "ListenerUi\ListenerUi.csproj", "{17E00F65-7642-49D6-9201-25C1C7D4A17E}"
EndProject
Project("{FAE04EC0-301F-11D3-BF4B-00C04F79EFBC}") = "SenderUI", "SenderUI\SenderUI.csproj", "{3DF33CDB-807C-42EA-BEA2-A30E2D2D0BF8}"
EndProject
Project("{FAE04EC0-301F-11D3-BF4B-00C04F79EFBC}") = "Core", "Core\Core.csproj", "{3E4C1DFF-BCDC-4755-BC6E-F680C5C3C5D2}"
EndProject
Project("{FAE04EC0-301F-11D3-BF4B-00C04F79EFBC}") = "ListenerConsole", "ListenerConsole\ListenerConsole.csproj", "{5F12E9C8-C424-46BC-A97E-D03800387499}"
EndProject
Project("{FAE04EC0-301F-11D3-BF4B-00C04F79EFBC}") = "SenderConsole", "SenderConsole\SenderConsole.csproj", "{7730C63E-E72A-44CD-8189-F53BC8AC1CE6}"
EndProject
Project("{2150E333-8FDC-42A3-9474-1A3956D46DE8}") = "named pipe server and client", "named pipe server and client", "{4C597219-1813-441D-9D8D-ABF32A53BA43}"
EndProject
Project("{2150E333-8FDC-42A3-9474-1A3956D46DE8}") = "NetNamedPipeBinding", "NetNamedPipeBinding", "{F2609781-876D-4ED7-917C-2F1C73A1A869}"
EndProject
Project("{FAE04EC0-301F-11D3-BF4B-00C04F79EFBC}") = "HostUI", "HostUI\HostUI.csproj", "{36A60263-B490-4C56-BEA3-5E0055C5B7FF}"
EndProject
Project("{FAE04EC0-301F-11D3-BF4B-00C04F79EFBC}") = "ClientUI", "ClientUI\ClientUI.csproj", "{857F5D85-22D7-4825-881B-AAD9A45F763D}"
EndProject
Global
	GlobalSection(SolutionConfigurationPlatforms) = preSolution
		Debug|Any CPU = Debug|Any CPU
		Release|Any CPU = Release|Any CPU
	EndGlobalSection
	GlobalSection(ProjectConfigurationPlatforms) = postSolution
		{17E00F65-7642-49D6-9201-25C1C7D4A17E}.Debug|Any CPU.ActiveCfg = Debug|Any CPU
		{17E00F65-7642-49D6-9201-25C1C7D4A17E}.Debug|Any CPU.Build.0 = Debug|Any CPU
		{17E00F65-7642-49D6-9201-25C1C7D4A17E}.Release|Any CPU.ActiveCfg = Release|Any CPU
		{17E00F65-7642-49D6-9201-25C1C7D4A17E}.Release|Any CPU.Build.0 = Release|Any CPU
		{3DF33CDB-807C-42EA-BEA2-A30E2D2D0BF8}.Debug|Any CPU.ActiveCfg = Debug|Any CPU
		{3DF33CDB-807C-42EA-BEA2-A30E2D2D0BF8}.Debug|Any CPU.Build.0 = Debug|Any CPU
		{3DF33CDB-807C-42EA-BEA2-A30E2D2D0BF8}.Release|Any CPU.ActiveCfg = Release|Any CPU
		{3DF33CDB-807C-42EA-BEA2-A30E2D2D0BF8}.Release|Any CPU.Build.0 = Release|Any CPU
		{3E4C1DFF-BCDC-4755-BC6E-F680C5C3C5D2}.Debug|Any CPU.ActiveCfg = Debug|Any CPU
		{3E4C1DFF-BCDC-4755-BC6E-F680C5C3C5D2}.Debug|Any CPU.Build.0 = Debug|Any CPU
		{3E4C1DFF-BCDC-4755-BC6E-F680C5C3C5D2}.Release|Any CPU.ActiveCfg = Release|Any CPU
		{3E4C1DFF-BCDC-4755-BC6E-F680C5C3C5D2}.Release|Any CPU.Build.0 = Release|Any CPU
		{5F12E9C8-C424-46BC-A97E-D03800387499}.Debug|Any CPU.ActiveCfg = Debug|Any CPU
		{5F12E9C8-C424-46BC-A97E-D03800387499}.Debug|Any CPU.Build.0 = Debug|Any CPU
		{5F12E9C8-C424-46BC-A97E-D03800387499}.Release|Any CPU.ActiveCfg = Release|Any CPU
		{5F12E9C8-C424-46BC-A97E-D03800387499}.Release|Any CPU.Build.0 = Release|Any CPU
		{7730C63E-E72A-44CD-8189-F53BC8AC1CE6}.Debug|Any CPU.ActiveCfg = Debug|Any CPU
		{7730C63E-E72A-44CD-8189-F53BC8AC1CE6}.Debug|Any CPU.Build.0 = Debug|Any CPU
		{7730C63E-E72A-44CD-8189-F53BC8AC1CE6}.Release|Any CPU.ActiveCfg = Release|Any CPU
		{7730C63E-E72A-44CD-8189-F53BC8AC1CE6}.Release|Any CPU.Build.0 = Release|Any CPU
		{36A60263-B490-4C56-BEA3-5E0055C5B7FF}.Debug|Any CPU.ActiveCfg = Debug|Any CPU
		{36A60263-B490-4C56-BEA3-5E0055C5B7FF}.Debug|Any CPU.Build.0 = Debug|Any CPU
		{36A60263-B490-4C56-BEA3-5E0055C5B7FF}.Release|Any CPU.ActiveCfg = Release|Any CPU
		{36A60263-B490-4C56-BEA3-5E0055C5B7FF}.Release|Any CPU.Build.0 = Release|Any CPU
		{857F5D85-22D7-4825-881B-AAD9A45F763D}.Debug|Any CPU.ActiveCfg = Debug|Any CPU
		{857F5D85-22D7-4825-881B-AAD9A45F763D}.Debug|Any CPU.Build.0 = Debug|Any CPU
		{857F5D85-22D7-4825-881B-AAD9A45F763D}.Release|Any CPU.ActiveCfg = Release|Any CPU
		{857F5D85-22D7-4825-881B-AAD9A45F763D}.Release|Any CPU.Build.0 = Release|Any CPU
	EndGlobalSection
	GlobalSection(SolutionProperties) = preSolution
		HideSolutionNode = FALSE
	EndGlobalSection
	GlobalSection(NestedProjects) = preSolution
		{17E00F65-7642-49D6-9201-25C1C7D4A17E} = {4C597219-1813-441D-9D8D-ABF32A53BA43}
		{3DF33CDB-807C-42EA-BEA2-A30E2D2D0BF8} = {4C597219-1813-441D-9D8D-ABF32A53BA43}
		{3E4C1DFF-BCDC-4755-BC6E-F680C5C3C5D2} = {4C597219-1813-441D-9D8D-ABF32A53BA43}
		{5F12E9C8-C424-46BC-A97E-D03800387499} = {4C597219-1813-441D-9D8D-ABF32A53BA43}
		{7730C63E-E72A-44CD-8189-F53BC8AC1CE6} = {4C597219-1813-441D-9D8D-ABF32A53BA43}
		{36A60263-B490-4C56-BEA3-5E0055C5B7FF} = {F2609781-876D-4ED7-917C-2F1C73A1A869}
		{857F5D85-22D7-4825-881B-AAD9A45F763D} = {F2609781-876D-4ED7-917C-2F1C73A1A869}
	EndGlobalSection
	GlobalSection(ExtensibilityGlobals) = postSolution
		SolutionGuid = {58F8FC55-9DBE-40F1-9C93-412A5DA23E93}
	EndGlobalSection
EndGlobal
